
Microsoft Visual Studio Solution File, Format Version 12.00
# Visual Studio Version 16
VisualStudioVersion = 16.0.30225.117
MinimumVisualStudioVersion = 10.0.40219.1
Project("{FAE04EC0-301F-11D3-BF4B-00C04F79EFBC}") = "ArrayToDoListWithTasks", "ArrayToDoListWithTasks.csproj", "{9CAE3396-BC65-41BD-9072-22F37A99F884}"
EndProject
Global
	GlobalSection(SolutionConfigurationPlatforms) = preSolution
		Debug|Any CPU = Debug|Any CPU
		Release|Any CPU = Release|Any CPU
	EndGlobalSection
	GlobalSection(ProjectConfigurationPlatforms) = postSolution
		{9CAE3396-BC65-41BD-9072-22F37A99F884}.Debug|Any CPU.ActiveCfg = Debug|Any CPU
		{9CAE3396-BC65-41BD-9072-22F37A99F884}.Debug|Any CPU.Build.0 = Debug|Any CPU
		{9CAE3396-BC65-41BD-9072-22F37A99F884}.Release|Any CPU.ActiveCfg = Release|Any CPU
		{9CAE3396-BC65-41BD-9072-22F37A99F884}.Release|Any CPU.Build.0 = Release|Any CPU
	EndGlobalSection
	GlobalSection(SolutionProperties) = preSolution
		HideSolutionNode = FALSE
	EndGlobalSection
	GlobalSection(ExtensibilityGlobals) = postSolution
		SolutionGuid = {8F1B00BC-B5C4-4F0D-8F61-78967FA07C99}
	EndGlobalSection
EndGlobal
